
Microsoft Visual Studio Solution File, Format Version 12.00
# Visual Studio Version 16
VisualStudioVersion = 16.0.30907.101
MinimumVisualStudioVersion = 10.0.40219.1
Project("{FAE04EC0-301F-11D3-BF4B-00C04F79EFBC}") = "ImageButton_Sample.UWP", "ImageButton_Sample.UWP\ImageButton_Sample.UWP.csproj", "{A125A023-94A6-41F4-810F-8612A4A85EAA}"
EndProject
Project("{FAE04EC0-301F-11D3-BF4B-00C04F79EFBC}") = "ImageButton_Sample.Android", "ImageButton_Sample.Android\ImageButton_Sample.Android.csproj", "{B67868D3-92BB-478A-AF99-5C73CBD294AC}"
EndProject
Project("{FAE04EC0-301F-11D3-BF4B-00C04F79EFBC}") = "ImageButton_Sample.iOS", "ImageButton_Sample.iOS\ImageButton_Sample.iOS.csproj", "{0E781DCA-2538-4156-BB15-075D05F409D7}"
EndProject
Project("{FAE04EC0-301F-11D3-BF4B-00C04F79EFBC}") = "ImageButton_Sample", "ImageButton_Sample\ImageButton_Sample.csproj", "{2EDDEB23-2386-407B-A0F4-48766A234788}"
EndProject
Global
	GlobalSection(SolutionConfigurationPlatforms) = preSolution
		Debug|Any CPU = Debug|Any CPU
		Debug|ARM = Debug|ARM
		Debug|iPhone = Debug|iPhone
		Debug|iPhoneSimulator = Debug|iPhoneSimulator
		Debug|x64 = Debug|x64
		Debug|x86 = Debug|x86
		Release|Any CPU = Release|Any CPU
		Release|ARM = Release|ARM
		Release|iPhone = Release|iPhone
		Release|iPhoneSimulator = Release|iPhoneSimulator
		Release|x64 = Release|x64
		Release|x86 = Release|x86
	EndGlobalSection
	GlobalSection(ProjectConfigurationPlatforms) = postSolution
		{A125A023-94A6-41F4-810F-8612A4A85EAA}.Debug|Any CPU.ActiveCfg = Debug|x86
		{A125A023-94A6-41F4-810F-8612A4A85EAA}.Debug|Any CPU.Build.0 = Debug|x86
		{A125A023-94A6-41F4-810F-8612A4A85EAA}.Debug|Any CPU.Deploy.0 = Debug|x86
		{A125A023-94A6-41F4-810F-8612A4A85EAA}.Debug|ARM.ActiveCfg = Debug|ARM
		{A125A023-94A6-41F4-810F-8612A4A85EAA}.Debug|ARM.Build.0 = Debug|ARM
		{A125A023-94A6-41F4-810F-8612A4A85EAA}.Debug|ARM.Deploy.0 = Debug|ARM
		{A125A023-94A6-41F4-810F-8612A4A85EAA}.Debug|iPhone.ActiveCfg = Debug|x86
		{A125A023-94A6-41F4-810F-8612A4A85EAA}.Debug|iPhone.Build.0 = Debug|x86
		{A125A023-94A6-41F4-810F-8612A4A85EAA}.Debug|iPhone.Deploy.0 = Debug|x86
		{A125A023-94A6-41F4-810F-8612A4A85EAA}.Debug|iPhoneSimulator.ActiveCfg = Debug|x86
		{A125A023-94A6-41F4-810F-8612A4A85EAA}.Debug|iPhoneSimulator.Build.0 = Debug|x86
		{A125A023-94A6-41F4-810F-8612A4A85EAA}.Debug|iPhoneSimulator.Deploy.0 = Debug|x86
		{A125A023-94A6-41F4-810F-8612A4A85EAA}.Debug|x64.ActiveCfg = Debug|x64
		{A125A023-94A6-41F4-810F-8612A4A85EAA}.Debug|x64.Build.0 = Debug|x64
		{A125A023-94A6-41F4-810F-8612A4A85EAA}.Debug|x64.Deploy.0 = Debug|x64
		{A125A023-94A6-41F4-810F-8612A4A85EAA}.Debug|x86.ActiveCfg = Debug|x86
		{A125A023-94A6-41F4-810F-8612A4A85EAA}.Debug|x86.Build.0 = Debug|x86
		{A125A023-94A6-41F4-810F-8612A4A85EAA}.Debug|x86.Deploy.0 = Debug|x86
		{A125A023-94A6-41F4-810F-8612A4A85EAA}.Release|Any CPU.ActiveCfg = Release|x86
		{A125A023-94A6-41F4-810F-8612A4A85EAA}.Release|Any CPU.Build.0 = Release|x86
		{A125A023-94A6-41F4-810F-8612A4A85EAA}.Release|Any CPU.Deploy.0 = Release|x86
		{A125A023-94A6-41F4-810F-8612A4A85EAA}.Release|ARM.ActiveCfg = Release|ARM
		{A125A023-94A6-41F4-810F-8612A4A85EAA}.Release|ARM.Build.0 = Release|ARM
		{A125A023-94A6-41F4-810F-8612A4A85EAA}.Release|ARM.Deploy.0 = Release|ARM
		{A125A023-94A6-41F4-810F-8612A4A85EAA}.Release|iPhone.ActiveCfg = Release|x86
		{A125A023-94A6-41F4-810F-8612A4A85EAA}.Release|iPhone.Build.0 = Release|x86
		{A125A023-94A6-41F4-810F-8612A4A85EAA}.Release|iPhone.Deploy.0 = Release|x86
		{A125A023-94A6-41F4-810F-8612A4A85EAA}.Release|iPhoneSimulator.ActiveCfg = Release|x86
		{A125A023-94A6-41F4-810F-8612A4A85EAA}.Release|iPhoneSimulator.Build.0 = Release|x86
		{A125A023-94A6-41F4-810F-8612A4A85EAA}.Release|iPhoneSimulator.Deploy.0 = Release|x86
		{A125A023-94A6-41F4-810F-8612A4A85EAA}.Release|x64.ActiveCfg = Release|x64
		{A125A023-94A6-41F4-810F-8612A4A85EAA}.Release|x64.Build.0 = Release|x64
		{A125A023-94A6-41F4-810F-8612A4A85EAA}.Release|x64.Deploy.0 = Release|x64
		{A125A023-94A6-41F4-810F-8612A4A85EAA}.Release|x86.ActiveCfg = Release|x86
		{A125A023-94A6-41F4-810F-8612A4A85EAA}.Release|x86.Build.0 = Release|x86
		{A125A023-94A6-41F4-810F-8612A4A85EAA}.Release|x86.Deploy.0 = Release|x86
		{B67868D3-92BB-478A-AF99-5C73CBD294AC}.Debug|Any CPU.ActiveCfg = Debug|Any CPU
		{B67868D3-92BB-478A-AF99-5C73CBD294AC}.Debug|Any CPU.Build.0 = Debug|Any CPU
		{B67868D3-92BB-478A-AF99-5C73CBD294AC}.Debug|Any CPU.Deploy.0 = Debug|Any CPU
		{B67868D3-92BB-478A-AF99-5C73CBD294AC}.Debug|ARM.ActiveCfg = Debug|Any CPU
		{B67868D3-92BB-478A-AF99-5C73CBD294AC}.Debug|ARM.Build.0 = Debug|Any CPU
		{B67868D3-92BB-478A-AF99-5C73CBD294AC}.Debug|ARM.Deploy.0 = Debug|Any CPU
		{B67868D3-92BB-478A-AF99-5C73CBD294AC}.Debug|iPhone.ActiveCfg = Debug|Any CPU
		{B67868D3-92BB-478A-AF99-5C73CBD294AC}.Debug|iPhone.Build.0 = Debug|Any CPU
		{B67868D3-92BB-478A-AF99-5C73CBD294AC}.Debug|iPhone.Deploy.0 = Debug|Any CPU
		{B67868D3-92BB-478A-AF99-5C73CBD294AC}.Debug|iPhoneSimulator.ActiveCfg = Debug|Any CPU
		{B67868D3-92BB-478A-AF99-5C73CBD294AC}.Debug|iPhoneSimulator.Build.0 = Debug|Any CPU
		{B67868D3-92BB-478A-AF99-5C73CBD294AC}.Debug|iPhoneSimulator.Deploy.0 = Debug|Any CPU
		{B67868D3-92BB-478A-AF99-5C73CBD294AC}.Debug|x64.ActiveCfg = Debug|Any CPU
		{B67868D3-92BB-478A-AF99-5C73CBD294AC}.Debug|x64.Build.0 = Debug|Any CPU
		{B67868D3-92BB-478A-AF99-5C73CBD294AC}.Debug|x64.Deploy.0 = Debug|Any CPU
		{B67868D3-92BB-478A-AF99-5C73CBD294AC}.Debug|x86.ActiveCfg = Debug|Any CPU
		{B67868D3-92BB-478A-AF99-5C73CBD294AC}.Debug|x86.Build.0 = Debug|Any CPU
		{B67868D3-92BB-478A-AF99-5C73CBD294AC}.Debug|x86.Deploy.0 = Debug|Any CPU
		{B67868D3-92BB-478A-AF99-5C73CBD294AC}.Release|Any CPU.ActiveCfg = Release|Any CPU
		{B67868D3-92BB-478A-AF99-5C73CBD294AC}.Release|Any CPU.Build.0 = Release|Any CPU
		{B67868D3-92BB-478A-AF99-5C73CBD294AC}.Release|Any CPU.Deploy.0 = Release|Any CPU
		{B67868D3-92BB-478A-AF99-5C73CBD294AC}.Release|ARM.ActiveCfg = Release|Any CPU
		{B67868D3-92BB-478A-AF99-5C73CBD294AC}.Release|ARM.Build.0 = Release|Any CPU
		{B67868D3-92BB-478A-AF99-5C73CBD294AC}.Release|ARM.Deploy.0 = Release|Any CPU
		{B67868D3-92BB-478A-AF99-5C73CBD294AC}.Release|iPhone.ActiveCfg = Release|Any CPU
		{B67868D3-92BB-478A-AF99-5C73CBD294AC}.Release|iPhone.Build.0 = Release|Any CPU
		{B67868D3-92BB-478A-AF99-5C73CBD294AC}.Release|iPhone.Deploy.0 = Release|Any CPU
		{B67868D3-92BB-478A-AF99-5C73CBD294AC}.Release|iPhoneSimulator.ActiveCfg = Release|Any CPU
		{B67868D3-92BB-478A-AF99-5C73CBD294AC}.Release|iPhoneSimulator.Build.0 = Release|Any CPU
		{B67868D3-92BB-478A-AF99-5C73CBD294AC}.Release|iPhoneSimulator.Deploy.0 = Release|Any CPU
		{B67868D3-92BB-478A-AF99-5C73CBD294AC}.Release|x64.ActiveCfg = Release|Any CPU
		{B67868D3-92BB-478A-AF99-5C73CBD294AC}.Release|x64.Build.0 = Release|Any CPU
		{B67868D3-92BB-478A-AF99-5C73CBD294AC}.Release|x64.Deploy.0 = Release|Any CPU
		{B67868D3-92BB-478A-AF99-5C73CBD294AC}.Release|x86.ActiveCfg = Release|Any CPU
		{B67868D3-92BB-478A-AF99-5C73CBD294AC}.Release|x86.Build.0 = Release|Any CPU
		{B67868D3-92BB-478A-AF99-5C73CBD294AC}.Release|x86.Deploy.0 = Release|Any CPU
		{0E781DCA-2538-4156-BB15-075D05F409D7}.Debug|Any CPU.ActiveCfg = Debug|iPhoneSimulator
		{0E781DCA-2538-4156-BB15-075D05F409D7}.Debug|Any CPU.Build.0 = Debug|iPhoneSimulator
		{0E781DCA-2538-4156-BB15-075D05F409D7}.Debug|Any CPU.Deploy.0 = Debug|iPhoneSimulator
		{0E781DCA-2538-4156-BB15-075D05F409D7}.Debug|ARM.ActiveCfg = Debug|iPhone
		{0E781DCA-2538-4156-BB15-075D05F409D7}.Debug|ARM.Build.0 = Debug|iPhone
		{0E781DCA-2538-4156-BB15-075D05F409D7}.Debug|ARM.Deploy.0 = Debug|iPhone
		{0E781DCA-2538-4156-BB15-075D05F409D7}.Debug|iPhone.ActiveCfg = Debug|iPhone
		{0E781DCA-2538-4156-BB15-075D05F409D7}.Debug|iPhone.Build.0 = Debug|iPhone
		{0E781DCA-2538-4156-BB15-075D05F409D7}.Debug|iPhone.Deploy.0 = Debug|iPhone
		{0E781DCA-2538-4156-BB15-075D05F409D7}.Debug|iPhoneSimulator.ActiveCfg = Debug|iPhoneSimulator
		{0E781DCA-2538-4156-BB15-075D05F409D7}.Debug|iPhoneSimulator.Build.0 = Debug|iPhoneSimulator
		{0E781DCA-2538-4156-BB15-075D05F409D7}.Debug|iPhoneSimulator.Deploy.0 = Debug|iPhoneSimulator
		{0E781DCA-2538-4156-BB15-075D05F409D7}.Debug|x64.ActiveCfg = Debug|iPhoneSimulator
		{0E781DCA-2538-4156-BB15-075D05F409D7}.Debug|x64.Build.0 = Debug|iPhoneSimulator
		{0E781DCA-2538-4156-BB15-075D05F409D7}.Debug|x64.Deploy.0 = Debug|iPhoneSimulator
		{0E781DCA-2538-4156-BB15-075D05F409D7}.Debug|x86.ActiveCfg = Debug|iPhoneSimulator
		{0E781DCA-2538-4156-BB15-075D05F409D7}.Debug|x86.Build.0 = Debug|iPhoneSimulator
		{0E781DCA-2538-4156-BB15-075D05F409D7}.Debug|x86.Deploy.0 = Debug|iPhoneSimulator
		{0E781DCA-2538-4156-BB15-075D05F409D7}.Release|Any CPU.ActiveCfg = Release|iPhoneSimulator
		{0E781DCA-2538-4156-BB15-075D05F409D7}.Release|Any CPU.Build.0 = Release|iPhoneSimulator
		{0E781DCA-2538-4156-BB15-075D05F409D7}.Release|Any CPU.Deploy.0 = Release|iPhoneSimulator
		{0E781DCA-2538-4156-BB15-075D05F409D7}.Release|ARM.ActiveCfg = Release|iPhoneSimulator
		{0E781DCA-2538-4156-BB15-075D05F409D7}.Release|ARM.Build.0 = Release|iPhoneSimulator
		{0E781DCA-2538-4156-BB15-075D05F409D7}.Release|ARM.Deploy.0 = Release|iPhoneSimulator
		{0E781DCA-2538-4156-BB15-075D05F409D7}.Release|iPhone.ActiveCfg = Release|iPhone
		{0E781DCA-2538-4156-BB15-075D05F409D7}.Release|iPhone.Build.0 = Release|iPhone
		{0E781DCA-2538-4156-BB15-075D05F409D7}.Release|iPhone.Deploy.0 = Release|iPhone
		{0E781DCA-2538-4156-BB15-075D05F409D7}.Release|iPhoneSimulator.ActiveCfg = Release|iPhoneSimulator
		{0E781DCA-2538-4156-BB15-075D05F409D7}.Release|iPhoneSimulator.Build.0 = Release|iPhoneSimulator
		{0E781DCA-2538-4156-BB15-075D05F409D7}.Release|iPhoneSimulator.Deploy.0 = Release|iPhoneSimulator
		{0E781DCA-2538-4156-BB15-075D05F409D7}.Release|x64.ActiveCfg = Release|iPhoneSimulator
		{0E781DCA-2538-4156-BB15-075D05F409D7}.Release|x64.Build.0 = Release|iPhoneSimulator
		{0E781DCA-2538-4156-BB15-075D05F409D7}.Release|x64.Deploy.0 = Release|iPhoneSimulator
		{0E781DCA-2538-4156-BB15-075D05F409D7}.Release|x86.ActiveCfg = Release|iPhoneSimulator
		{0E781DCA-2538-4156-BB15-075D05F409D7}.Release|x86.Build.0 = Release|iPhoneSimulator
		{0E781DCA-2538-4156-BB15-075D05F409D7}.Release|x86.Deploy.0 = Release|iPhoneSimulator
		{2EDDEB23-2386-407B-A0F4-48766A234788}.Debug|Any CPU.ActiveCfg = Debug|Any CPU
		{2EDDEB23-2386-407B-A0F4-48766A234788}.Debug|Any CPU.Build.0 = Debug|Any CPU
		{2EDDEB23-2386-407B-A0F4-48766A234788}.Debug|Any CPU.Deploy.0 = Debug|Any CPU
		{2EDDEB23-2386-407B-A0F4-48766A234788}.Debug|ARM.ActiveCfg = Debug|Any CPU
		{2EDDEB23-2386-407B-A0F4-48766A234788}.Debug|ARM.Build.0 = Debug|Any CPU
		{2EDDEB23-2386-407B-A0F4-48766A234788}.Debug|ARM.Deploy.0 = Debug|Any CPU
		{2EDDEB23-2386-407B-A0F4-48766A234788}.Debug|iPhone.ActiveCfg = Debug|Any CPU
		{2EDDEB23-2386-407B-A0F4-48766A234788}.Debug|iPhone.Build.0 = Debug|Any CPU
		{2EDDEB23-2386-407B-A0F4-48766A234788}.Debug|iPhone.Deploy.0 = Debug|Any CPU
		{2EDDEB23-2386-407B-A0F4-48766A234788}.Debug|iPhoneSimulator.ActiveCfg = Debug|Any CPU
		{2EDDEB23-2386-407B-A0F4-48766A234788}.Debug|iPhoneSimulator.Build.0 = Debug|Any CPU
		{2EDDEB23-2386-407B-A0F4-48766A234788}.Debug|iPhoneSimulator.Deploy.0 = Debug|Any CPU
		{2EDDEB23-2386-407B-A0F4-48766A234788}.Debug|x64.ActiveCfg = Debug|Any CPU
		{2EDDEB23-2386-407B-A0F4-48766A234788}.Debug|x64.Build.0 = Debug|Any CPU
		{2EDDEB23-2386-407B-A0F4-48766A234788}.Debug|x64.Deploy.0 = Debug|Any CPU
		{2EDDEB23-2386-407B-A0F4-48766A234788}.Debug|x86.ActiveCfg = Debug|Any CPU
		{2EDDEB23-2386-407B-A0F4-48766A234788}.Debug|x86.Build.0 = Debug|Any CPU
		{2EDDEB23-2386-407B-A0F4-48766A234788}.Debug|x86.Deploy.0 = Debug|Any CPU
		{2EDDEB23-2386-407B-A0F4-48766A234788}.Release|Any CPU.ActiveCfg = Release|Any CPU
		{2EDDEB23-2386-407B-A0F4-48766A234788}.Release|Any CPU.Build.0 = Release|Any CPU
		{2EDDEB23-2386-407B-A0F4-48766A234788}.Release|Any CPU.Deploy.0 = Release|Any CPU
		{2EDDEB23-2386-407B-A0F4-48766A234788}.Release|ARM.ActiveCfg = Release|Any CPU
		{2EDDEB23-2386-407B-A0F4-48766A234788}.Release|ARM.Build.0 = Release|Any CPU
		{2EDDEB23-2386-407B-A0F4-48766A234788}.Release|ARM.Deploy.0 = Release|Any CPU
		{2EDDEB23-2386-407B-A0F4-48766A234788}.Release|iPhone.ActiveCfg = Release|Any CPU
		{2EDDEB23-2386-407B-A0F4-48766A234788}.Release|iPhone.Build.0 = Release|Any CPU
		{2EDDEB23-2386-407B-A0F4-48766A234788}.Release|iPhone.Deploy.0 = Release|Any CPU
		{2EDDEB23-2386-407B-A0F4-48766A234788}.Release|iPhoneSimulator.ActiveCfg = Release|Any CPU
		{2EDDEB23-2386-407B-A0F4-48766A234788}.Release|iPhoneSimulator.Build.0 = Release|Any CPU
		{2EDDEB23-2386-407B-A0F4-48766A234788}.Release|iPhoneSimulator.Deploy.0 = Release|Any CPU
		{2EDDEB23-2386-407B-A0F4-48766A234788}.Release|x64.ActiveCfg = Release|Any CPU
		{2EDDEB23-2386-407B-A0F4-48766A234788}.Release|x64.Build.0 = Release|Any CPU
		{2EDDEB23-2386-407B-A0F4-48766A234788}.Release|x64.Deploy.0 = Release|Any CPU
		{2EDDEB23-2386-407B-A0F4-48766A234788}.Release|x86.ActiveCfg = Release|Any CPU
		{2EDDEB23-2386-407B-A0F4-48766A234788}.Release|x86.Build.0 = Release|Any CPU
		{2EDDEB23-2386-407B-A0F4-48766A234788}.Release|x86.Deploy.0 = Release|Any CPU
	EndGlobalSection
	GlobalSection(SolutionProperties) = preSolution
		HideSolutionNode = FALSE
	EndGlobalSection
	GlobalSection(ExtensibilityGlobals) = postSolution
		SolutionGuid = {57BD60F2-7F1A-4895-85BD-2DDE04ABA3F5}
	EndGlobalSection
EndGlobal
